
Microsoft Visual Studio Solution File, Format Version 12.00
# Visual Studio 14
VisualStudioVersion = 14.0.25420.1
MinimumVisualStudioVersion = 10.0.40219.1
Project("{FAE04EC0-301F-11D3-BF4B-00C04F79EFBC}") = "XamarinFormsListViewXamlSimple.Droid", "XamarinFormsListViewXamlSimple\XamarinFormsListViewXamlSimple.Droid\XamarinFormsListViewXamlSimple.Droid.csproj", "{70231979-4A38-4A54-A864-5640989C0A27}"
EndProject
Project("{FAE04EC0-301F-11D3-BF4B-00C04F79EFBC}") = "XamarinFormsListViewXamlSimple.iOS", "XamarinFormsListViewXamlSimple\XamarinFormsListViewXamlSimple.iOS\XamarinFormsListViewXamlSimple.iOS.csproj", "{54EC3765-755F-4D76-A35B-CB0834900D10}"
EndProject
Project("{FAE04EC0-301F-11D3-BF4B-00C04F79EFBC}") = "XamarinFormsListViewXamlSimple.WinPhone", "XamarinFormsListViewXamlSimple\XamarinFormsListViewXamlSimple.WinPhone\XamarinFormsListViewXamlSimple.WinPhone.csproj", "{3E0A535D-C60B-4590-9207-EE3A283BEF35}"
EndProject
Project("{FAE04EC0-301F-11D3-BF4B-00C04F79EFBC}") = "XamarinFormsListViewXamlSimple.UWP", "XamarinFormsListViewXamlSimple\XamarinFormsListViewXamlSimple.UWP\XamarinFormsListViewXamlSimple.UWP.csproj", "{B8336515-CD6F-41C9-8BE4-8C0018FDD49A}"
EndProject
Project("{FAE04EC0-301F-11D3-BF4B-00C04F79EFBC}") = "XamarinFormsListViewXamlSimple.Windows", "XamarinFormsListViewXamlSimple\XamarinFormsListViewXamlSimple.Windows\XamarinFormsListViewXamlSimple.Windows.csproj", "{227A7033-D6BE-4D03-B2F4-6AF1D4A65E5D}"
EndProject
Project("{FAE04EC0-301F-11D3-BF4B-00C04F79EFBC}") = "XamarinFormsListViewXamlSimple", "XamarinFormsListViewXamlSimple\XamarinFormsListViewXamlSimple\XamarinFormsListViewXamlSimple.csproj", "{2A53D2BD-1F1F-43BB-A6B2-DD33A12BDA8B}"
EndProject
Global
	GlobalSection(SolutionConfigurationPlatforms) = preSolution
		Ad-Hoc|Any CPU = Ad-Hoc|Any CPU
		Ad-Hoc|ARM = Ad-Hoc|ARM
		Ad-Hoc|iPhone = Ad-Hoc|iPhone
		Ad-Hoc|iPhoneSimulator = Ad-Hoc|iPhoneSimulator
		Ad-Hoc|x64 = Ad-Hoc|x64
		Ad-Hoc|x86 = Ad-Hoc|x86
		AppStore|Any CPU = AppStore|Any CPU
		AppStore|ARM = AppStore|ARM
		AppStore|iPhone = AppStore|iPhone
		AppStore|iPhoneSimulator = AppStore|iPhoneSimulator
		AppStore|x64 = AppStore|x64
		AppStore|x86 = AppStore|x86
		Debug|Any CPU = Debug|Any CPU
		Debug|ARM = Debug|ARM
		Debug|iPhone = Debug|iPhone
		Debug|iPhoneSimulator = Debug|iPhoneSimulator
		Debug|x64 = Debug|x64
		Debug|x86 = Debug|x86
		Release|Any CPU = Release|Any CPU
		Release|ARM = Release|ARM
		Release|iPhone = Release|iPhone
		Release|iPhoneSimulator = Release|iPhoneSimulator
		Release|x64 = Release|x64
		Release|x86 = Release|x86
	EndGlobalSection
	GlobalSection(ProjectConfigurationPlatforms) = postSolution
		{70231979-4A38-4A54-A864-5640989C0A27}.Ad-Hoc|Any CPU.ActiveCfg = Release|Any CPU
		{70231979-4A38-4A54-A864-5640989C0A27}.Ad-Hoc|Any CPU.Build.0 = Release|Any CPU
		{70231979-4A38-4A54-A864-5640989C0A27}.Ad-Hoc|Any CPU.Deploy.0 = Release|Any CPU
		{70231979-4A38-4A54-A864-5640989C0A27}.Ad-Hoc|ARM.ActiveCfg = Release|Any CPU
		{70231979-4A38-4A54-A864-5640989C0A27}.Ad-Hoc|ARM.Build.0 = Release|Any CPU
		{70231979-4A38-4A54-A864-5640989C0A27}.Ad-Hoc|ARM.Deploy.0 = Release|Any CPU
		{70231979-4A38-4A54-A864-5640989C0A27}.Ad-Hoc|iPhone.ActiveCfg = Release|Any CPU
		{70231979-4A38-4A54-A864-5640989C0A27}.Ad-Hoc|iPhone.Build.0 = Release|Any CPU
		{70231979-4A38-4A54-A864-5640989C0A27}.Ad-Hoc|iPhone.Deploy.0 = Release|Any CPU
		{70231979-4A38-4A54-A864-5640989C0A27}.Ad-Hoc|iPhoneSimulator.ActiveCfg = Release|Any CPU
		{70231979-4A38-4A54-A864-5640989C0A27}.Ad-Hoc|iPhoneSimulator.Build.0 = Release|Any CPU
		{70231979-4A38-4A54-A864-5640989C0A27}.Ad-Hoc|iPhoneSimulator.Deploy.0 = Release|Any CPU
		{70231979-4A38-4A54-A864-5640989C0A27}.Ad-Hoc|x64.ActiveCfg = Release|Any CPU
		{70231979-4A38-4A54-A864-5640989C0A27}.Ad-Hoc|x64.Build.0 = Release|Any CPU
		{70231979-4A38-4A54-A864-5640989C0A27}.Ad-Hoc|x64.Deploy.0 = Release|Any CPU
		{70231979-4A38-4A54-A864-5640989C0A27}.Ad-Hoc|x86.ActiveCfg = Release|Any CPU
		{70231979-4A38-4A54-A864-5640989C0A27}.Ad-Hoc|x86.Build.0 = Release|Any CPU
		{70231979-4A38-4A54-A864-5640989C0A27}.Ad-Hoc|x86.Deploy.0 = Release|Any CPU
		{70231979-4A38-4A54-A864-5640989C0A27}.AppStore|Any CPU.ActiveCfg = Release|Any CPU
		{70231979-4A38-4A54-A864-5640989C0A27}.AppStore|Any CPU.Build.0 = Release|Any CPU
		{70231979-4A38-4A54-A864-5640989C0A27}.AppStore|Any CPU.Deploy.0 = Release|Any CPU
		{70231979-4A38-4A54-A864-5640989C0A27}.AppStore|ARM.ActiveCfg = Release|Any CPU
		{70231979-4A38-4A54-A864-5640989C0A27}.AppStore|ARM.Build.0 = Release|Any CPU
		{70231979-4A38-4A54-A864-5640989C0A27}.AppStore|ARM.Deploy.0 = Release|Any CPU
		{70231979-4A38-4A54-A864-5640989C0A27}.AppStore|iPhone.ActiveCfg = Release|Any CPU
		{70231979-4A38-4A54-A864-5640989C0A27}.AppStore|iPhone.Build.0 = Release|Any CPU
		{70231979-4A38-4A54-A864-5640989C0A27}.AppStore|iPhone.Deploy.0 = Release|Any CPU
		{70231979-4A38-4A54-A864-5640989C0A27}.AppStore|iPhoneSimulator.ActiveCfg = Release|Any CPU
		{70231979-4A38-4A54-A864-5640989C0A27}.AppStore|iPhoneSimulator.Build.0 = Release|Any CPU
		{70231979-4A38-4A54-A864-5640989C0A27}.AppStore|iPhoneSimulator.Deploy.0 = Release|Any CPU
		{70231979-4A38-4A54-A864-5640989C0A27}.AppStore|x64.ActiveCfg = Release|Any CPU
		{70231979-4A38-4A54-A864-5640989C0A27}.AppStore|x64.Build.0 = Release|Any CPU
		{70231979-4A38-4A54-A864-5640989C0A27}.AppStore|x64.Deploy.0 = Release|Any CPU
		{70231979-4A38-4A54-A864-5640989C0A27}.AppStore|x86.ActiveCfg = Release|Any CPU
		{70231979-4A38-4A54-A864-5640989C0A27}.AppStore|x86.Build.0 = Release|Any CPU
		{70231979-4A38-4A54-A864-5640989C0A27}.AppStore|x86.Deploy.0 = Release|Any CPU
		{70231979-4A38-4A54-A864-5640989C0A27}.Debug|Any CPU.ActiveCfg = Debug|Any CPU
		{70231979-4A38-4A54-A864-5640989C0A27}.Debug|Any CPU.Build.0 = Debug|Any CPU
		{70231979-4A38-4A54-A864-5640989C0A27}.Debug|Any CPU.Deploy.0 = Debug|Any CPU
		{70231979-4A38-4A54-A864-5640989C0A27}.Debug|ARM.ActiveCfg = Debug|Any CPU
		{70231979-4A38-4A54-A864-5640989C0A27}.Debug|ARM.Build.0 = Debug|Any CPU
		{70231979-4A38-4A54-A864-5640989C0A27}.Debug|ARM.Deploy.0 = Debug|Any CPU
		{70231979-4A38-4A54-A864-5640989C0A27}.Debug|iPhone.ActiveCfg = Debug|Any CPU
		{70231979-4A38-4A54-A864-5640989C0A27}.Debug|iPhone.Build.0 = Debug|Any CPU
		{70231979-4A38-4A54-A864-5640989C0A27}.Debug|iPhone.Deploy.0 = Debug|Any CPU
		{70231979-4A38-4A54-A864-5640989C0A27}.Debug|iPhoneSimulator.ActiveCfg = Debug|Any CPU
		{70231979-4A38-4A54-A864-5640989C0A27}.Debug|iPhoneSimulator.Build.0 = Debug|Any CPU
		{70231979-4A38-4A54-A864-5640989C0A27}.Debug|iPhoneSimulator.Deploy.0 = Debug|Any CPU
		{70231979-4A38-4A54-A864-5640989C0A27}.Debug|x64.ActiveCfg = Debug|Any CPU
		{70231979-4A38-4A54-A864-5640989C0A27}.Debug|x64.Build.0 = Debug|Any CPU
		{70231979-4A38-4A54-A864-5640989C0A27}.Debug|x64.Deploy.0 = Debug|Any CPU
		{70231979-4A38-4A54-A864-5640989C0A27}.Debug|x86.ActiveCfg = Debug|Any CPU
		{70231979-4A38-4A54-A864-5640989C0A27}.Debug|x86.Build.0 = Debug|Any CPU
		{70231979-4A38-4A54-A864-5640989C0A27}.Debug|x86.Deploy.0 = Debug|Any CPU
		{70231979-4A38-4A54-A864-5640989C0A27}.Release|Any CPU.ActiveCfg = Release|Any CPU
		{70231979-4A38-4A54-A864-5640989C0A27}.Release|Any CPU.Build.0 = Release|Any CPU
		{70231979-4A38-4A54-A864-5640989C0A27}.Release|Any CPU.Deploy.0 = Release|Any CPU
		{70231979-4A38-4A54-A864-5640989C0A27}.Release|ARM.ActiveCfg = Release|Any CPU
		{70231979-4A38-4A54-A864-5640989C0A27}.Release|ARM.Build.0 = Release|Any CPU
		{70231979-4A38-4A54-A864-5640989C0A27}.Release|ARM.Deploy.0 = Release|Any CPU
		{70231979-4A38-4A54-A864-5640989C0A27}.Release|iPhone.ActiveCfg = Release|Any CPU
		{70231979-4A38-4A54-A864-5640989C0A27}.Release|iPhone.Build.0 = Release|Any CPU
		{70231979-4A38-4A54-A864-5640989C0A27}.Release|iPhone.Deploy.0 = Release|Any CPU
		{70231979-4A38-4A54-A864-5640989C0A27}.Release|iPhoneSimulator.ActiveCfg = Release|Any CPU
		{70231979-4A38-4A54-A864-5640989C0A27}.Release|iPhoneSimulator.Build.0 = Release|Any CPU
		{70231979-4A38-4A54-A864-5640989C0A27}.Release|iPhoneSimulator.Deploy.0 = Release|Any CPU
		{70231979-4A38-4A54-A864-5640989C0A27}.Release|x64.ActiveCfg = Release|Any CPU
		{70231979-4A38-4A54-A864-5640989C0A27}.Release|x64.Build.0 = Release|Any CPU
		{70231979-4A38-4A54-A864-5640989C0A27}.Release|x64.Deploy.0 = Release|Any CPU
		{70231979-4A38-4A54-A864-5640989C0A27}.Release|x86.ActiveCfg = Release|Any CPU
		{70231979-4A38-4A54-A864-5640989C0A27}.Release|x86.Build.0 = Release|Any CPU
		{70231979-4A38-4A54-A864-5640989C0A27}.Release|x86.Deploy.0 = Release|Any CPU
		{54EC3765-755F-4D76-A35B-CB0834900D10}.Ad-Hoc|Any CPU.ActiveCfg = Ad-Hoc|iPhone
		{54EC3765-755F-4D76-A35B-CB0834900D10}.Ad-Hoc|ARM.ActiveCfg = Ad-Hoc|iPhone
		{54EC3765-755F-4D76-A35B-CB0834900D10}.Ad-Hoc|iPhone.ActiveCfg = Ad-Hoc|iPhone
		{54EC3765-755F-4D76-A35B-CB0834900D10}.Ad-Hoc|iPhone.Build.0 = Ad-Hoc|iPhone
		{54EC3765-755F-4D76-A35B-CB0834900D10}.Ad-Hoc|iPhoneSimulator.ActiveCfg = Ad-Hoc|iPhoneSimulator
		{54EC3765-755F-4D76-A35B-CB0834900D10}.Ad-Hoc|iPhoneSimulator.Build.0 = Ad-Hoc|iPhoneSimulator
		{54EC3765-755F-4D76-A35B-CB0834900D10}.Ad-Hoc|x64.ActiveCfg = Ad-Hoc|iPhone
		{54EC3765-755F-4D76-A35B-CB0834900D10}.Ad-Hoc|x86.ActiveCfg = Ad-Hoc|iPhone
		{54EC3765-755F-4D76-A35B-CB0834900D10}.AppStore|Any CPU.ActiveCfg = AppStore|iPhone
		{54EC3765-755F-4D76-A35B-CB0834900D10}.AppStore|ARM.ActiveCfg = AppStore|iPhone
		{54EC3765-755F-4D76-A35B-CB0834900D10}.AppStore|iPhone.ActiveCfg = AppStore|iPhone
		{54EC3765-755F-4D76-A35B-CB0834900D10}.AppStore|iPhone.Build.0 = AppStore|iPhone
		{54EC3765-755F-4D76-A35B-CB0834900D10}.AppStore|iPhoneSimulator.ActiveCfg = AppStore|iPhoneSimulator
		{54EC3765-755F-4D76-A35B-CB0834900D10}.AppStore|iPhoneSimulator.Build.0 = AppStore|iPhoneSimulator
		{54EC3765-755F-4D76-A35B-CB0834900D10}.AppStore|x64.ActiveCfg = AppStore|iPhone
		{54EC3765-755F-4D76-A35B-CB0834900D10}.AppStore|x86.ActiveCfg = AppStore|iPhone
		{54EC3765-755F-4D76-A35B-CB0834900D10}.Debug|Any CPU.ActiveCfg = Debug|iPhone
		{54EC3765-755F-4D76-A35B-CB0834900D10}.Debug|ARM.ActiveCfg = Debug|iPhone
		{54EC3765-755F-4D76-A35B-CB0834900D10}.Debug|iPhone.ActiveCfg = Debug|iPhone
		{54EC3765-755F-4D76-A35B-CB0834900D10}.Debug|iPhone.Build.0 = Debug|iPhone
		{54EC3765-755F-4D76-A35B-CB0834900D10}.Debug|iPhoneSimulator.ActiveCfg = Debug|iPhoneSimulator
		{54EC3765-755F-4D76-A35B-CB0834900D10}.Debug|iPhoneSimulator.Build.0 = Debug|iPhoneSimulator
		{54EC3765-755F-4D76-A35B-CB0834900D10}.Debug|x64.ActiveCfg = Debug|iPhone
		{54EC3765-755F-4D76-A35B-CB0834900D10}.Debug|x86.ActiveCfg = Debug|iPhone
		{54EC3765-755F-4D76-A35B-CB0834900D10}.Release|Any CPU.ActiveCfg = Release|iPhone
		{54EC3765-755F-4D76-A35B-CB0834900D10}.Release|ARM.ActiveCfg = Release|iPhone
		{54EC3765-755F-4D76-A35B-CB0834900D10}.Release|iPhone.ActiveCfg = Release|iPhone
		{54EC3765-755F-4D76-A35B-CB0834900D10}.Release|iPhone.Build.0 = Release|iPhone
		{54EC3765-755F-4D76-A35B-CB0834900D10}.Release|iPhoneSimulator.ActiveCfg = Release|iPhoneSimulator
		{54EC3765-755F-4D76-A35B-CB0834900D10}.Release|iPhoneSimulator.Build.0 = Release|iPhoneSimulator
		{54EC3765-755F-4D76-A35B-CB0834900D10}.Release|x64.ActiveCfg = Release|iPhone
		{54EC3765-755F-4D76-A35B-CB0834900D10}.Release|x86.ActiveCfg = Release|iPhone
		{3E0A535D-C60B-4590-9207-EE3A283BEF35}.Ad-Hoc|Any CPU.ActiveCfg = Release|Any CPU
		{3E0A535D-C60B-4590-9207-EE3A283BEF35}.Ad-Hoc|Any CPU.Build.0 = Release|Any CPU
		{3E0A535D-C60B-4590-9207-EE3A283BEF35}.Ad-Hoc|Any CPU.Deploy.0 = Release|Any CPU
		{3E0A535D-C60B-4590-9207-EE3A283BEF35}.Ad-Hoc|ARM.ActiveCfg = Release|ARM
		{3E0A535D-C60B-4590-9207-EE3A283BEF35}.Ad-Hoc|ARM.Build.0 = Release|ARM
		{3E0A535D-C60B-4590-9207-EE3A283BEF35}.Ad-Hoc|ARM.Deploy.0 = Release|ARM
		{3E0A535D-C60B-4590-9207-EE3A283BEF35}.Ad-Hoc|iPhone.ActiveCfg = Release|Any CPU
		{3E0A535D-C60B-4590-9207-EE3A283BEF35}.Ad-Hoc|iPhone.Build.0 = Release|Any CPU
		{3E0A535D-C60B-4590-9207-EE3A283BEF35}.Ad-Hoc|iPhone.Deploy.0 = Release|Any CPU
		{3E0A535D-C60B-4590-9207-EE3A283BEF35}.Ad-Hoc|iPhoneSimulator.ActiveCfg = Release|Any CPU
		{3E0A535D-C60B-4590-9207-EE3A283BEF35}.Ad-Hoc|iPhoneSimulator.Build.0 = Release|Any CPU
		{3E0A535D-C60B-4590-9207-EE3A283BEF35}.Ad-Hoc|iPhoneSimulator.Deploy.0 = Release|Any CPU
		{3E0A535D-C60B-4590-9207-EE3A283BEF35}.Ad-Hoc|x64.ActiveCfg = Release|Any CPU
		{3E0A535D-C60B-4590-9207-EE3A283BEF35}.Ad-Hoc|x64.Build.0 = Release|Any CPU
		{3E0A535D-C60B-4590-9207-EE3A283BEF35}.Ad-Hoc|x64.Deploy.0 = Release|Any CPU
		{3E0A535D-C60B-4590-9207-EE3A283BEF35}.Ad-Hoc|x86.ActiveCfg = Release|x86
		{3E0A535D-C60B-4590-9207-EE3A283BEF35}.Ad-Hoc|x86.Build.0 = Release|x86
		{3E0A535D-C60B-4590-9207-EE3A283BEF35}.Ad-Hoc|x86.Deploy.0 = Release|x86
		{3E0A535D-C60B-4590-9207-EE3A283BEF35}.AppStore|Any CPU.ActiveCfg = Release|Any CPU
		{3E0A535D-C60B-4590-9207-EE3A283BEF35}.AppStore|Any CPU.Build.0 = Release|Any CPU
		{3E0A535D-C60B-4590-9207-EE3A283BEF35}.AppStore|Any CPU.Deploy.0 = Release|Any CPU
		{3E0A535D-C60B-4590-9207-EE3A283BEF35}.AppStore|ARM.ActiveCfg = Release|ARM
		{3E0A535D-C60B-4590-9207-EE3A283BEF35}.AppStore|ARM.Build.0 = Release|ARM
		{3E0A535D-C60B-4590-9207-EE3A283BEF35}.AppStore|ARM.Deploy.0 = Release|ARM
		{3E0A535D-C60B-4590-9207-EE3A283BEF35}.AppStore|iPhone.ActiveCfg = Release|Any CPU
		{3E0A535D-C60B-4590-9207-EE3A283BEF35}.AppStore|iPhone.Build.0 = Release|Any CPU
		{3E0A535D-C60B-4590-9207-EE3A283BEF35}.AppStore|iPhone.Deploy.0 = Release|Any CPU
		{3E0A535D-C60B-4590-9207-EE3A283BEF35}.AppStore|iPhoneSimulator.ActiveCfg = Release|Any CPU
		{3E0A535D-C60B-4590-9207-EE3A283BEF35}.AppStore|iPhoneSimulator.Build.0 = Release|Any CPU
		{3E0A535D-C60B-4590-9207-EE3A283BEF35}.AppStore|iPhoneSimulator.Deploy.0 = Release|Any CPU
		{3E0A535D-C60B-4590-9207-EE3A283BEF35}.AppStore|x64.ActiveCfg = Release|Any CPU
		{3E0A535D-C60B-4590-9207-EE3A283BEF35}.AppStore|x64.Build.0 = Release|Any CPU
		{3E0A535D-C60B-4590-9207-EE3A283BEF35}.AppStore|x64.Deploy.0 = Release|Any CPU
		{3E0A535D-C60B-4590-9207-EE3A283BEF35}.AppStore|x86.ActiveCfg = Release|x86
		{3E0A535D-C60B-4590-9207-EE3A283BEF35}.AppStore|x86.Build.0 = Release|x86
		{3E0A535D-C60B-4590-9207-EE3A283BEF35}.AppStore|x86.Deploy.0 = Release|x86
		{3E0A535D-C60B-4590-9207-EE3A283BEF35}.Debug|Any CPU.ActiveCfg = Debug|Any CPU
		{3E0A535D-C60B-4590-9207-EE3A283BEF35}.Debug|Any CPU.Build.0 = Debug|Any CPU
		{3E0A535D-C60B-4590-9207-EE3A283BEF35}.Debug|Any CPU.Deploy.0 = Debug|Any CPU
		{3E0A535D-C60B-4590-9207-EE3A283BEF35}.Debug|ARM.ActiveCfg = Debug|ARM
		{3E0A535D-C60B-4590-9207-EE3A283BEF35}.Debug|ARM.Build.0 = Debug|ARM
		{3E0A535D-C60B-4590-9207-EE3A283BEF35}.Debug|ARM.Deploy.0 = Debug|ARM
		{3E0A535D-C60B-4590-9207-EE3A283BEF35}.Debug|iPhone.ActiveCfg = Debug|Any CPU
		{3E0A535D-C60B-4590-9207-EE3A283BEF35}.Debug|iPhone.Build.0 = Debug|Any CPU
		{3E0A535D-C60B-4590-9207-EE3A283BEF35}.Debug|iPhone.Deploy.0 = Debug|Any CPU
		{3E0A535D-C60B-4590-9207-EE3A283BEF35}.Debug|iPhoneSimulator.ActiveCfg = Debug|Any CPU
		{3E0A535D-C60B-4590-9207-EE3A283BEF35}.Debug|iPhoneSimulator.Build.0 = Debug|Any CPU
		{3E0A535D-C60B-4590-9207-EE3A283BEF35}.Debug|iPhoneSimulator.Deploy.0 = Debug|Any CPU
		{3E0A535D-C60B-4590-9207-EE3A283BEF35}.Debug|x64.ActiveCfg = Debug|Any CPU
		{3E0A535D-C60B-4590-9207-EE3A283BEF35}.Debug|x64.Build.0 = Debug|Any CPU
		{3E0A535D-C60B-4590-9207-EE3A283BEF35}.Debug|x64.Deploy.0 = Debug|Any CPU
		{3E0A535D-C60B-4590-9207-EE3A283BEF35}.Debug|x86.ActiveCfg = Debug|x86
		{3E0A535D-C60B-4590-9207-EE3A283BEF35}.Debug|x86.Build.0 = Debug|x86
		{3E0A535D-C60B-4590-9207-EE3A283BEF35}.Debug|x86.Deploy.0 = Debug|x86
		{3E0A535D-C60B-4590-9207-EE3A283BEF35}.Release|Any CPU.ActiveCfg = Release|Any CPU
		{3E0A535D-C60B-4590-9207-EE3A283BEF35}.Release|Any CPU.Build.0 = Release|Any CPU
		{3E0A535D-C60B-4590-9207-EE3A283BEF35}.Release|Any CPU.Deploy.0 = Release|Any CPU
		{3E0A535D-C60B-4590-9207-EE3A283BEF35}.Release|ARM.ActiveCfg = Release|ARM
		{3E0A535D-C60B-4590-9207-EE3A283BEF35}.Release|ARM.Build.0 = Release|ARM
		{3E0A535D-C60B-4590-9207-EE3A283BEF35}.Release|ARM.Deploy.0 = Release|ARM
		{3E0A535D-C60B-4590-9207-EE3A283BEF35}.Release|iPhone.ActiveCfg = Release|Any CPU
		{3E0A535D-C60B-4590-9207-EE3A283BEF35}.Release|iPhone.Build.0 = Release|Any CPU
		{3E0A535D-C60B-4590-9207-EE3A283BEF35}.Release|iPhone.Deploy.0 = Release|Any CPU
		{3E0A535D-C60B-4590-9207-EE3A283BEF35}.Release|iPhoneSimulator.ActiveCfg = Release|Any CPU
		{3E0A535D-C60B-4590-9207-EE3A283BEF35}.Release|iPhoneSimulator.Build.0 = Release|Any CPU
		{3E0A535D-C60B-4590-9207-EE3A283BEF35}.Release|iPhoneSimulator.Deploy.0 = Release|Any CPU
		{3E0A535D-C60B-4590-9207-EE3A283BEF35}.Release|x64.ActiveCfg = Release|Any CPU
		{3E0A535D-C60B-4590-9207-EE3A283BEF35}.Release|x64.Build.0 = Release|Any CPU
		{3E0A535D-C60B-4590-9207-EE3A283BEF35}.Release|x64.Deploy.0 = Release|Any CPU
		{3E0A535D-C60B-4590-9207-EE3A283BEF35}.Release|x86.ActiveCfg = Release|x86
		{3E0A535D-C60B-4590-9207-EE3A283BEF35}.Release|x86.Build.0 = Release|x86
		{3E0A535D-C60B-4590-9207-EE3A283BEF35}.Release|x86.Deploy.0 = Release|x86
		{B8336515-CD6F-41C9-8BE4-8C0018FDD49A}.Ad-Hoc|Any CPU.ActiveCfg = Release|x86
		{B8336515-CD6F-41C9-8BE4-8C0018FDD49A}.Ad-Hoc|Any CPU.Build.0 = Release|x86
		{B8336515-CD6F-41C9-8BE4-8C0018FDD49A}.Ad-Hoc|Any CPU.Deploy.0 = Release|x86
		{B8336515-CD6F-41C9-8BE4-8C0018FDD49A}.Ad-Hoc|ARM.ActiveCfg = Release|ARM
		{B8336515-CD6F-41C9-8BE4-8C0018FDD49A}.Ad-Hoc|ARM.Build.0 = Release|ARM
		{B8336515-CD6F-41C9-8BE4-8C0018FDD49A}.Ad-Hoc|ARM.Deploy.0 = Release|ARM
		{B8336515-CD6F-41C9-8BE4-8C0018FDD49A}.Ad-Hoc|iPhone.ActiveCfg = Release|x86
		{B8336515-CD6F-41C9-8BE4-8C0018FDD49A}.Ad-Hoc|iPhone.Build.0 = Release|x86
		{B8336515-CD6F-41C9-8BE4-8C0018FDD49A}.Ad-Hoc|iPhone.Deploy.0 = Release|x86
		{B8336515-CD6F-41C9-8BE4-8C0018FDD49A}.Ad-Hoc|iPhoneSimulator.ActiveCfg = Release|x86
		{B8336515-CD6F-41C9-8BE4-8C0018FDD49A}.Ad-Hoc|iPhoneSimulator.Build.0 = Release|x86
		{B8336515-CD6F-41C9-8BE4-8C0018FDD49A}.Ad-Hoc|iPhoneSimulator.Deploy.0 = Release|x86
		{B8336515-CD6F-41C9-8BE4-8C0018FDD49A}.Ad-Hoc|x64.ActiveCfg = Release|x64
		{B8336515-CD6F-41C9-8BE4-8C0018FDD49A}.Ad-Hoc|x64.Build.0 = Release|x64
		{B8336515-CD6F-41C9-8BE4-8C0018FDD49A}.Ad-Hoc|x64.Deploy.0 = Release|x64
		{B8336515-CD6F-41C9-8BE4-8C0018FDD49A}.Ad-Hoc|x86.ActiveCfg = Release|x86
		{B8336515-CD6F-41C9-8BE4-8C0018FDD49A}.Ad-Hoc|x86.Build.0 = Release|x86
		{B8336515-CD6F-41C9-8BE4-8C0018FDD49A}.Ad-Hoc|x86.Deploy.0 = Release|x86
		{B8336515-CD6F-41C9-8BE4-8C0018FDD49A}.AppStore|Any CPU.ActiveCfg = Release|x86
		{B8336515-CD6F-41C9-8BE4-8C0018FDD49A}.AppStore|Any CPU.Build.0 = Release|x86
		{B8336515-CD6F-41C9-8BE4-8C0018FDD49A}.AppStore|Any CPU.Deploy.0 = Release|x86
		{B8336515-CD6F-41C9-8BE4-8C0018FDD49A}.AppStore|ARM.ActiveCfg = Release|ARM
		{B8336515-CD6F-41C9-8BE4-8C0018FDD49A}.AppStore|ARM.Build.0 = Release|ARM
		{B8336515-CD6F-41C9-8BE4-8C0018FDD49A}.AppStore|ARM.Deploy.0 = Release|ARM
		{B8336515-CD6F-41C9-8BE4-8C0018FDD49A}.AppStore|iPhone.ActiveCfg = Release|x86
		{B8336515-CD6F-41C9-8BE4-8C0018FDD49A}.AppStore|iPhone.Build.0 = Release|x86
		{B8336515-CD6F-41C9-8BE4-8C0018FDD49A}.AppStore|iPhone.Deploy.0 = Release|x86
		{B8336515-CD6F-41C9-8BE4-8C0018FDD49A}.AppStore|iPhoneSimulator.ActiveCfg = Release|x86
		{B8336515-CD6F-41C9-8BE4-8C0018FDD49A}.AppStore|iPhoneSimulator.Build.0 = Release|x86
		{B8336515-CD6F-41C9-8BE4-8C0018FDD49A}.AppStore|iPhoneSimulator.Deploy.0 = Release|x86
		{B8336515-CD6F-41C9-8BE4-8C0018FDD49A}.AppStore|x64.ActiveCfg = Release|x64
		{B8336515-CD6F-41C9-8BE4-8C0018FDD49A}.AppStore|x64.Build.0 = Release|x64
		{B8336515-CD6F-41C9-8BE4-8C0018FDD49A}.AppStore|x64.Deploy.0 = Release|x64
		{B8336515-CD6F-41C9-8BE4-8C0018FDD49A}.AppStore|x86.ActiveCfg = Release|x86
		{B8336515-CD6F-41C9-8BE4-8C0018FDD49A}.AppStore|x86.Build.0 = Release|x86
		{B8336515-CD6F-41C9-8BE4-8C0018FDD49A}.AppStore|x86.Deploy.0 = Release|x86
		{B8336515-CD6F-41C9-8BE4-8C0018FDD49A}.Debug|Any CPU.ActiveCfg = Debug|x86
		{B8336515-CD6F-41C9-8BE4-8C0018FDD49A}.Debug|ARM.ActiveCfg = Debug|ARM
		{B8336515-CD6F-41C9-8BE4-8C0018FDD49A}.Debug|ARM.Build.0 = Debug|ARM
		{B8336515-CD6F-41C9-8BE4-8C0018FDD49A}.Debug|ARM.Deploy.0 = Debug|ARM
		{B8336515-CD6F-41C9-8BE4-8C0018FDD49A}.Debug|iPhone.ActiveCfg = Debug|x86
		{B8336515-CD6F-41C9-8BE4-8C0018FDD49A}.Debug|iPhoneSimulator.ActiveCfg = Debug|x86
		{B8336515-CD6F-41C9-8BE4-8C0018FDD49A}.Debug|x64.ActiveCfg = Debug|x64
		{B8336515-CD6F-41C9-8BE4-8C0018FDD49A}.Debug|x64.Build.0 = Debug|x64
		{B8336515-CD6F-41C9-8BE4-8C0018FDD49A}.Debug|x64.Deploy.0 = Debug|x64
		{B8336515-CD6F-41C9-8BE4-8C0018FDD49A}.Debug|x86.ActiveCfg = Debug|x86
		{B8336515-CD6F-41C9-8BE4-8C0018FDD49A}.Debug|x86.Build.0 = Debug|x86
		{B8336515-CD6F-41C9-8BE4-8C0018FDD49A}.Debug|x86.Deploy.0 = Debug|x86
		{B8336515-CD6F-41C9-8BE4-8C0018FDD49A}.Release|Any CPU.ActiveCfg = Release|x86
		{B8336515-CD6F-41C9-8BE4-8C0018FDD49A}.Release|ARM.ActiveCfg = Release|ARM
		{B8336515-CD6F-41C9-8BE4-8C0018FDD49A}.Release|ARM.Build.0 = Release|ARM
		{B8336515-CD6F-41C9-8BE4-8C0018FDD49A}.Release|ARM.Deploy.0 = Release|ARM
		{B8336515-CD6F-41C9-8BE4-8C0018FDD49A}.Release|iPhone.ActiveCfg = Release|x86
		{B8336515-CD6F-41C9-8BE4-8C0018FDD49A}.Release|iPhoneSimulator.ActiveCfg = Release|x86
		{B8336515-CD6F-41C9-8BE4-8C0018FDD49A}.Release|x64.ActiveCfg = Release|x64
		{B8336515-CD6F-41C9-8BE4-8C0018FDD49A}.Release|x64.Build.0 = Release|x64
		{B8336515-CD6F-41C9-8BE4-8C0018FDD49A}.Release|x64.Deploy.0 = Release|x64
		{B8336515-CD6F-41C9-8BE4-8C0018FDD49A}.Release|x86.ActiveCfg = Release|x86
		{B8336515-CD6F-41C9-8BE4-8C0018FDD49A}.Release|x86.Build.0 = Release|x86
		{B8336515-CD6F-41C9-8BE4-8C0018FDD49A}.Release|x86.Deploy.0 = Release|x86
		{227A7033-D6BE-4D03-B2F4-6AF1D4A65E5D}.Ad-Hoc|Any CPU.ActiveCfg = Release|Any CPU
		{227A7033-D6BE-4D03-B2F4-6AF1D4A65E5D}.Ad-Hoc|Any CPU.Build.0 = Release|Any CPU
		{227A7033-D6BE-4D03-B2F4-6AF1D4A65E5D}.Ad-Hoc|Any CPU.Deploy.0 = Release|Any CPU
		{227A7033-D6BE-4D03-B2F4-6AF1D4A65E5D}.Ad-Hoc|ARM.ActiveCfg = Release|ARM
		{227A7033-D6BE-4D03-B2F4-6AF1D4A65E5D}.Ad-Hoc|ARM.Build.0 = Release|ARM
		{227A7033-D6BE-4D03-B2F4-6AF1D4A65E5D}.Ad-Hoc|ARM.Deploy.0 = Release|ARM
		{227A7033-D6BE-4D03-B2F4-6AF1D4A65E5D}.Ad-Hoc|iPhone.ActiveCfg = Release|Any CPU
		{227A7033-D6BE-4D03-B2F4-6AF1D4A65E5D}.Ad-Hoc|iPhone.Build.0 = Release|Any CPU
		{227A7033-D6BE-4D03-B2F4-6AF1D4A65E5D}.Ad-Hoc|iPhone.Deploy.0 = Release|Any CPU
		{227A7033-D6BE-4D03-B2F4-6AF1D4A65E5D}.Ad-Hoc|iPhoneSimulator.ActiveCfg = Release|Any CPU
		{227A7033-D6BE-4D03-B2F4-6AF1D4A65E5D}.Ad-Hoc|iPhoneSimulator.Build.0 = Release|Any CPU
		{227A7033-D6BE-4D03-B2F4-6AF1D4A65E5D}.Ad-Hoc|iPhoneSimulator.Deploy.0 = Release|Any CPU
		{227A7033-D6BE-4D03-B2F4-6AF1D4A65E5D}.Ad-Hoc|x64.ActiveCfg = Release|x64
		{227A7033-D6BE-4D03-B2F4-6AF1D4A65E5D}.Ad-Hoc|x64.Build.0 = Release|x64
		{227A7033-D6BE-4D03-B2F4-6AF1D4A65E5D}.Ad-Hoc|x64.Deploy.0 = Release|x64
		{227A7033-D6BE-4D03-B2F4-6AF1D4A65E5D}.Ad-Hoc|x86.ActiveCfg = Release|x86
		{227A7033-D6BE-4D03-B2F4-6AF1D4A65E5D}.Ad-Hoc|x86.Build.0 = Release|x86
		{227A7033-D6BE-4D03-B2F4-6AF1D4A65E5D}.Ad-Hoc|x86.Deploy.0 = Release|x86
		{227A7033-D6BE-4D03-B2F4-6AF1D4A65E5D}.AppStore|Any CPU.ActiveCfg = Release|Any CPU
		{227A7033-D6BE-4D03-B2F4-6AF1D4A65E5D}.AppStore|Any CPU.Build.0 = Release|Any CPU
		{227A7033-D6BE-4D03-B2F4-6AF1D4A65E5D}.AppStore|Any CPU.Deploy.0 = Release|Any CPU
		{227A7033-D6BE-4D03-B2F4-6AF1D4A65E5D}.AppStore|ARM.ActiveCfg = Release|ARM
		{227A7033-D6BE-4D03-B2F4-6AF1D4A65E5D}.AppStore|ARM.Build.0 = Release|ARM
		{227A7033-D6BE-4D03-B2F4-6AF1D4A65E5D}.AppStore|ARM.Deploy.0 = Release|ARM
		{227A7033-D6BE-4D03-B2F4-6AF1D4A65E5D}.AppStore|iPhone.ActiveCfg = Release|Any CPU
		{227A7033-D6BE-4D03-B2F4-6AF1D4A65E5D}.AppStore|iPhone.Build.0 = Release|Any CPU
		{227A7033-D6BE-4D03-B2F4-6AF1D4A65E5D}.AppStore|iPhone.Deploy.0 = Release|Any CPU
		{227A7033-D6BE-4D03-B2F4-6AF1D4A65E5D}.AppStore|iPhoneSimulator.ActiveCfg = Release|Any CPU
		{227A7033-D6BE-4D03-B2F4-6AF1D4A65E5D}.AppStore|iPhoneSimulator.Build.0 = Release|Any CPU
		{227A7033-D6BE-4D03-B2F4-6AF1D4A65E5D}.AppStore|iPhoneSimulator.Deploy.0 = Release|Any CPU
		{227A7033-D6BE-4D03-B2F4-6AF1D4A65E5D}.AppStore|x64.ActiveCfg = Release|x64
		{227A7033-D6BE-4D03-B2F4-6AF1D4A65E5D}.AppStore|x64.Build.0 = Release|x64
		{227A7033-D6BE-4D03-B2F4-6AF1D4A65E5D}.AppStore|x64.Deploy.0 = Release|x64
		{227A7033-D6BE-4D03-B2F4-6AF1D4A65E5D}.AppStore|x86.ActiveCfg = Release|x86
		{227A7033-D6BE-4D03-B2F4-6AF1D4A65E5D}.AppStore|x86.Build.0 = Release|x86
		{227A7033-D6BE-4D03-B2F4-6AF1D4A65E5D}.AppStore|x86.Deploy.0 = Release|x86
		{227A7033-D6BE-4D03-B2F4-6AF1D4A65E5D}.Debug|Any CPU.ActiveCfg = Debug|Any CPU
		{227A7033-D6BE-4D03-B2F4-6AF1D4A65E5D}.Debug|Any CPU.Build.0 = Debug|Any CPU
		{227A7033-D6BE-4D03-B2F4-6AF1D4A65E5D}.Debug|Any CPU.Deploy.0 = Debug|Any CPU
		{227A7033-D6BE-4D03-B2F4-6AF1D4A65E5D}.Debug|ARM.ActiveCfg = Debug|ARM
		{227A7033-D6BE-4D03-B2F4-6AF1D4A65E5D}.Debug|ARM.Build.0 = Debug|ARM
		{227A7033-D6BE-4D03-B2F4-6AF1D4A65E5D}.Debug|ARM.Deploy.0 = Debug|ARM
		{227A7033-D6BE-4D03-B2F4-6AF1D4A65E5D}.Debug|iPhone.ActiveCfg = Debug|Any CPU
		{227A7033-D6BE-4D03-B2F4-6AF1D4A65E5D}.Debug|iPhone.Build.0 = Debug|Any CPU
		{227A7033-D6BE-4D03-B2F4-6AF1D4A65E5D}.Debug|iPhone.Deploy.0 = Debug|Any CPU
		{227A7033-D6BE-4D03-B2F4-6AF1D4A65E5D}.Debug|iPhoneSimulator.ActiveCfg = Debug|Any CPU
		{227A7033-D6BE-4D03-B2F4-6AF1D4A65E5D}.Debug|iPhoneSimulator.Build.0 = Debug|Any CPU
		{227A7033-D6BE-4D03-B2F4-6AF1D4A65E5D}.Debug|iPhoneSimulator.Deploy.0 = Debug|Any CPU
		{227A7033-D6BE-4D03-B2F4-6AF1D4A65E5D}.Debug|x64.ActiveCfg = Debug|x64
		{227A7033-D6BE-4D03-B2F4-6AF1D4A65E5D}.Debug|x64.Build.0 = Debug|x64
		{227A7033-D6BE-4D03-B2F4-6AF1D4A65E5D}.Debug|x64.Deploy.0 = Debug|x64
		{227A7033-D6BE-4D03-B2F4-6AF1D4A65E5D}.Debug|x86.ActiveCfg = Debug|x86
		{227A7033-D6BE-4D03-B2F4-6AF1D4A65E5D}.Debug|x86.Build.0 = Debug|x86
		{227A7033-D6BE-4D03-B2F4-6AF1D4A65E5D}.Debug|x86.Deploy.0 = Debug|x86
		{227A7033-D6BE-4D03-B2F4-6AF1D4A65E5D}.Release|Any CPU.ActiveCfg = Release|Any CPU
		{227A7033-D6BE-4D03-B2F4-6AF1D4A65E5D}.Release|Any CPU.Build.0 = Release|Any CPU
		{227A7033-D6BE-4D03-B2F4-6AF1D4A65E5D}.Release|Any CPU.Deploy.0 = Release|Any CPU
		{227A7033-D6BE-4D03-B2F4-6AF1D4A65E5D}.Release|ARM.ActiveCfg = Release|ARM
		{227A7033-D6BE-4D03-B2F4-6AF1D4A65E5D}.Release|ARM.Build.0 = Release|ARM
		{227A7033-D6BE-4D03-B2F4-6AF1D4A65E5D}.Release|ARM.Deploy.0 = Release|ARM
		{227A7033-D6BE-4D03-B2F4-6AF1D4A65E5D}.Release|iPhone.ActiveCfg = Release|Any CPU
		{227A7033-D6BE-4D03-B2F4-6AF1D4A65E5D}.Release|iPhone.Build.0 = Release|Any CPU
		{227A7033-D6BE-4D03-B2F4-6AF1D4A65E5D}.Release|iPhone.Deploy.0 = Release|Any CPU
		{227A7033-D6BE-4D03-B2F4-6AF1D4A65E5D}.Release|iPhoneSimulator.ActiveCfg = Release|Any CPU
		{227A7033-D6BE-4D03-B2F4-6AF1D4A65E5D}.Release|iPhoneSimulator.Build.0 = Release|Any CPU
		{227A7033-D6BE-4D03-B2F4-6AF1D4A65E5D}.Release|iPhoneSimulator.Deploy.0 = Release|Any CPU
		{227A7033-D6BE-4D03-B2F4-6AF1D4A65E5D}.Release|x64.ActiveCfg = Release|x64
		{227A7033-D6BE-4D03-B2F4-6AF1D4A65E5D}.Release|x64.Build.0 = Release|x64
		{227A7033-D6BE-4D03-B2F4-6AF1D4A65E5D}.Release|x64.Deploy.0 = Release|x64
		{227A7033-D6BE-4D03-B2F4-6AF1D4A65E5D}.Release|x86.ActiveCfg = Release|x86
		{227A7033-D6BE-4D03-B2F4-6AF1D4A65E5D}.Release|x86.Build.0 = Release|x86
		{227A7033-D6BE-4D03-B2F4-6AF1D4A65E5D}.Release|x86.Deploy.0 = Release|x86
		{2A53D2BD-1F1F-43BB-A6B2-DD33A12BDA8B}.Ad-Hoc|Any CPU.ActiveCfg = Release|Any CPU
		{2A53D2BD-1F1F-43BB-A6B2-DD33A12BDA8B}.Ad-Hoc|Any CPU.Build.0 = Release|Any CPU
		{2A53D2BD-1F1F-43BB-A6B2-DD33A12BDA8B}.Ad-Hoc|ARM.ActiveCfg = Release|Any CPU
		{2A53D2BD-1F1F-43BB-A6B2-DD33A12BDA8B}.Ad-Hoc|ARM.Build.0 = Release|Any CPU
		{2A53D2BD-1F1F-43BB-A6B2-DD33A12BDA8B}.Ad-Hoc|iPhone.ActiveCfg = Release|Any CPU
		{2A53D2BD-1F1F-43BB-A6B2-DD33A12BDA8B}.Ad-Hoc|iPhone.Build.0 = Release|Any CPU
		{2A53D2BD-1F1F-43BB-A6B2-DD33A12BDA8B}.Ad-Hoc|iPhoneSimulator.ActiveCfg = Release|Any CPU
		{2A53D2BD-1F1F-43BB-A6B2-DD33A12BDA8B}.Ad-Hoc|iPhoneSimulator.Build.0 = Release|Any CPU
		{2A53D2BD-1F1F-43BB-A6B2-DD33A12BDA8B}.Ad-Hoc|x64.ActiveCfg = Release|Any CPU
		{2A53D2BD-1F1F-43BB-A6B2-DD33A12BDA8B}.Ad-Hoc|x64.Build.0 = Release|Any CPU
		{2A53D2BD-1F1F-43BB-A6B2-DD33A12BDA8B}.Ad-Hoc|x86.ActiveCfg = Release|Any CPU
		{2A53D2BD-1F1F-43BB-A6B2-DD33A12BDA8B}.Ad-Hoc|x86.Build.0 = Release|Any CPU
		{2A53D2BD-1F1F-43BB-A6B2-DD33A12BDA8B}.AppStore|Any CPU.ActiveCfg = Release|Any CPU
		{2A53D2BD-1F1F-43BB-A6B2-DD33A12BDA8B}.AppStore|Any CPU.Build.0 = Release|Any CPU
		{2A53D2BD-1F1F-43BB-A6B2-DD33A12BDA8B}.AppStore|ARM.ActiveCfg = Release|Any CPU
		{2A53D2BD-1F1F-43BB-A6B2-DD33A12BDA8B}.AppStore|ARM.Build.0 = Release|Any CPU
		{2A53D2BD-1F1F-43BB-A6B2-DD33A12BDA8B}.AppStore|iPhone.ActiveCfg = Release|Any CPU
		{2A53D2BD-1F1F-43BB-A6B2-DD33A12BDA8B}.AppStore|iPhone.Build.0 = Release|Any CPU
		{2A53D2BD-1F1F-43BB-A6B2-DD33A12BDA8B}.AppStore|iPhoneSimulator.ActiveCfg = Release|Any CPU
		{2A53D2BD-1F1F-43BB-A6B2-DD33A12BDA8B}.AppStore|iPhoneSimulator.Build.0 = Release|Any CPU
		{2A53D2BD-1F1F-43BB-A6B2-DD33A12BDA8B}.AppStore|x64.ActiveCfg = Release|Any CPU
		{2A53D2BD-1F1F-43BB-A6B2-DD33A12BDA8B}.AppStore|x64.Build.0 = Release|Any CPU
		{2A53D2BD-1F1F-43BB-A6B2-DD33A12BDA8B}.AppStore|x86.ActiveCfg = Release|Any CPU
		{2A53D2BD-1F1F-43BB-A6B2-DD33A12BDA8B}.AppStore|x86.Build.0 = Release|Any CPU
		{2A53D2BD-1F1F-43BB-A6B2-DD33A12BDA8B}.Debug|Any CPU.ActiveCfg = Debug|Any CPU
		{2A53D2BD-1F1F-43BB-A6B2-DD33A12BDA8B}.Debug|Any CPU.Build.0 = Debug|Any CPU
		{2A53D2BD-1F1F-43BB-A6B2-DD33A12BDA8B}.Debug|ARM.ActiveCfg = Debug|Any CPU
		{2A53D2BD-1F1F-43BB-A6B2-DD33A12BDA8B}.Debug|ARM.Build.0 = Debug|Any CPU
		{2A53D2BD-1F1F-43BB-A6B2-DD33A12BDA8B}.Debug|iPhone.ActiveCfg = Debug|Any CPU
		{2A53D2BD-1F1F-43BB-A6B2-DD33A12BDA8B}.Debug|iPhone.Build.0 = Debug|Any CPU
		{2A53D2BD-1F1F-43BB-A6B2-DD33A12BDA8B}.Debug|iPhoneSimulator.ActiveCfg = Debug|Any CPU
		{2A53D2BD-1F1F-43BB-A6B2-DD33A12BDA8B}.Debug|iPhoneSimulator.Build.0 = Debug|Any CPU
		{2A53D2BD-1F1F-43BB-A6B2-DD33A12BDA8B}.Debug|x64.ActiveCfg = Debug|Any CPU
		{2A53D2BD-1F1F-43BB-A6B2-DD33A12BDA8B}.Debug|x64.Build.0 = Debug|Any CPU
		{2A53D2BD-1F1F-43BB-A6B2-DD33A12BDA8B}.Debug|x86.ActiveCfg = Debug|Any CPU
		{2A53D2BD-1F1F-43BB-A6B2-DD33A12BDA8B}.Debug|x86.Build.0 = Debug|Any CPU
		{2A53D2BD-1F1F-43BB-A6B2-DD33A12BDA8B}.Release|Any CPU.ActiveCfg = Release|Any CPU
		{2A53D2BD-1F1F-43BB-A6B2-DD33A12BDA8B}.Release|Any CPU.Build.0 = Release|Any CPU
		{2A53D2BD-1F1F-43BB-A6B2-DD33A12BDA8B}.Release|ARM.ActiveCfg = Release|Any CPU
		{2A53D2BD-1F1F-43BB-A6B2-DD33A12BDA8B}.Release|ARM.Build.0 = Release|Any CPU
		{2A53D2BD-1F1F-43BB-A6B2-DD33A12BDA8B}.Release|iPhone.ActiveCfg = Release|Any CPU
		{2A53D2BD-1F1F-43BB-A6B2-DD33A12BDA8B}.Release|iPhone.Build.0 = Release|Any CPU
		{2A53D2BD-1F1F-43BB-A6B2-DD33A12BDA8B}.Release|iPhoneSimulator.ActiveCfg = Release|Any CPU
		{2A53D2BD-1F1F-43BB-A6B2-DD33A12BDA8B}.Release|iPhoneSimulator.Build.0 = Release|Any CPU
		{2A53D2BD-1F1F-43BB-A6B2-DD33A12BDA8B}.Release|x64.ActiveCfg = Release|Any CPU
		{2A53D2BD-1F1F-43BB-A6B2-DD33A12BDA8B}.Release|x64.Build.0 = Release|Any CPU
		{2A53D2BD-1F1F-43BB-A6B2-DD33A12BDA8B}.Release|x86.ActiveCfg = Release|Any CPU
		{2A53D2BD-1F1F-43BB-A6B2-DD33A12BDA8B}.Release|x86.Build.0 = Release|Any CPU
	EndGlobalSection
	GlobalSection(SolutionProperties) = preSolution
		HideSolutionNode = FALSE
	EndGlobalSection
EndGlobal
